{
  "name": "cfspeedtest",
  "version": "0.1.0",
  "lockfileVersion": 3,
  "requires": true,
  "packages": {
    "": {
      "name": "cfspeedtest",
      "version": "0.1.0",
      "license": "MIT",
      "bin": {
        "cfspeedtest": "bin/cfspeedtest.js",
        "cloudflare-speedtestcli": "bin/cloudflare-speedtestcli.js"
      },
      "engines": {
        "node": ">=22"
      }
    }
  }
}
